
Microsoft Visual Studio Solution File, Format Version 12.00
# Visual Studio Version 16
VisualStudioVersion = 16.0.30011.22
MinimumVisualStudioVersion = 10.0.40219.1
Project("{9A19103F-16F7-4668-BE54-9A1E7A4F7556}") = "ToDoPWA", "ToDoPWA.csproj", "{FDA5324B-E57D-4DAA-A3A1-33EC2AC42E53}"
EndProject
Project("{2150E333-8FDC-42A3-9474-1A3956D46DE8}") = "Solution Items", "Solution Items", "{25C6002C-DA2C-4F88-A95E-DBE772070C2D}"
	ProjectSection(SolutionItems) = preProject
		.editorconfig = .editorconfig
	EndProjectSection
EndProject
Global
	GlobalSection(SolutionConfigurationPlatforms) = preSolution
		Debug|Any CPU = Debug|Any CPU
		Release|Any CPU = Release|Any CPU
	EndGlobalSection
	GlobalSection(ProjectConfigurationPlatforms) = postSolution
		{FDA5324B-E57D-4DAA-A3A1-33EC2AC42E53}.Debug|Any CPU.ActiveCfg = Debug|Any CPU
		{FDA5324B-E57D-4DAA-A3A1-33EC2AC42E53}.Debug|Any CPU.Build.0 = Debug|Any CPU
		{FDA5324B-E57D-4DAA-A3A1-33EC2AC42E53}.Release|Any CPU.ActiveCfg = Release|Any CPU
		{FDA5324B-E57D-4DAA-A3A1-33EC2AC42E53}.Release|Any CPU.Build.0 = Release|Any CPU
	EndGlobalSection
	GlobalSection(SolutionProperties) = preSolution
		HideSolutionNode = FALSE
	EndGlobalSection
	GlobalSection(ExtensibilityGlobals) = postSolution
		SolutionGuid = {1F0ACF06-F6A1-48E2-8C15-A7EB95AEC258}
	EndGlobalSection
EndGlobal
